// !$*UTF8*$!
{
	archiveVersion = 1;
	classes = {
	};
	objectVersion = 46;
	objects = {

/* Begin PBXBuildFile section */
		A751CCC51B53C35F0041F907 /* pig.mp3 in Resources */ = {isa = PBXBuildFile; fileRef = A751CCC41B53C35F0041F907 /* pig.mp3 */; };
		A7F0497F1B524CC500D9FF85 /* AppDelegate.swift in Sources */ = {isa = PBXBuildFile; fileRef = A7F0497E1B524CC500D9FF85 /* AppDelegate.swift */; };
		A7F049811B524CC500D9FF85 /* GameScene.sks in Resources */ = {isa = PBXBuildFile; fileRef = A7F049801B524CC500D9FF85 /* GameScene.sks */; };
		A7F049831B524CC500D9FF85 /* GameScene.swift in Sources */ = {isa = PBXBuildFile; fileRef = A7F049821B524CC500D9FF85 /* GameScene.swift */; };
		A7F049851B524CC500D9FF85 /* GameViewController.swift in Sources */ = {isa = PBXBuildFile; fileRef = A7F049841B524CC500D9FF85 /* GameViewController.swift */; };
		A7F049881B524CC500D9FF85 /* Main.storyboard in Resources */ = {isa = PBXBuildFile; fileRef = A7F049861B524CC500D9FF85 /* Main.storyboard */; };
		A7F0498A1B524CC500D9FF85 /* Assets.xcassets in Resources */ = {isa = PBXBuildFile; fileRef = A7F049891B524CC500D9FF85 /* Assets.xcassets */; };
/* End PBXBuildFile section */

/* Begin PBXFileReference section */
		A751CCC41B53C35F0041F907 /* pig.mp3 */ = {isa = PBXFileReference; lastKnownFileType = audio.mp3; path = pig.mp3; sourceTree = "<group>"; };
		A7F0497B1B524CC500D9FF85 /* Flappy Swift Pig.app */ = {isa = PBXFileReference; explicitFileType = wrapper.application; includeInIndex = 0; path = "Flappy Swift Pig.app"; sourceTree = BUILT_PRODUCTS_DIR; };
		A7F0497E1B524CC500D9FF85 /* AppDelegate.swift */ = {isa = PBXFileReference; lastKnownFileType = sourcecode.swift; path = AppDelegate.swift; sourceTree = "<group>"; };
		A7F049801B524CC500D9FF85 /* GameScene.sks */ = {isa = PBXFileReference; lastKnownFileType = file.sks; path = GameScene.sks; sourceTree = "<group>"; };
		A7F049821B524CC500D9FF85 /* GameScene.swift */ = {isa = PBXFileReference; lastKnownFileType = sourcecode.swift; path = GameScene.swift; sourceTree = "<group>"; };
		A7F049841B524CC500D9FF85 /* GameViewController.swift */ = {isa = PBXFileReference; lastKnownFileType = sourcecode.swift; path = GameViewController.swift; sourceTree = "<group>"; };
		A7F049871B524CC500D9FF85 /* Base */ = {isa = PBXFileReference; lastKnownFileType = file.storyboard; name = Base; path = Base.lproj/Main.storyboard; sourceTree = "<group>"; };
		A7F049891B524CC500D9FF85 /* Assets.xcassets */ = {isa = PBXFileReference; lastKnownFileType = folder.assetcatalog; path = Assets.xcassets; sourceTree = "<group>"; };
		A7F0498E1B524CC500D9FF85 /* Info.plist */ = {isa = PBXFileReference; lastKnownFileType = text.plist.xml; path = Info.plist; sourceTree = "<group>"; };
/* End PBXFileReference section */

/* Begin PBXFrameworksBuildPhase section */
		A7F049781B524CC500D9FF85 /* Frameworks */ = {
			isa = PBXFrameworksBuildPhase;
			buildActionMask = 2147483647;
			files = (
			);
			runOnlyForDeploymentPostprocessing = 0;
		};
/* End PBXFrameworksBuildPhase section */

/* Begin PBXGroup section */
		A751CCC31B53C34A0041F907 /* Sounds */ = {
			isa = PBXGroup;
			children = (
				A751CCC41B53C35F0041F907 /* pig.mp3 */,
			);
			name = Sounds;
			sourceTree = "<group>";
		};
		A7F049721B524CC500D9FF85 = {
			isa = PBXGroup;
			children = (
				A7F0497D1B524CC500D9FF85 /* Flappy Swift Pig */,
				A7F0497C1B524CC500D9FF85 /* Products */,
			);
			sourceTree = "<group>";
		};
		A7F0497C1B524CC500D9FF85 /* Products */ = {
			isa = PBXGroup;
			children = (
				A7F0497B1B524CC500D9FF85 /* Flappy Swift Pig.app */,
			);
			name = Products;
			sourceTree = "<group>";
		};
		A7F0497D1B524CC500D9FF85 /* Flappy Swift Pig */ = {
			isa = PBXGroup;
			children = (
				A751CCC31B53C34A0041F907 /* Sounds */,
				A7F0497E1B524CC500D9FF85 /* AppDelegate.swift */,
				A7F049801B524CC500D9FF85 /* GameScene.sks */,
				A7F049821B524CC500D9FF85 /* GameScene.swift */,
				A7F049841B524CC500D9FF85 /* GameViewController.swift */,
				A7F049861B524CC500D9FF85 /* Main.storyboard */,
				A7F049891B524CC500D9FF85 /* Assets.xcassets */,
				A7F0498E1B524CC500D9FF85 /* Info.plist */,
			);
			path = "Flappy Swift Pig";
			sourceTree = "<group>";
		};
/* End PBXGroup section */

/* Begin PBXNativeTarget section */
		A7F0497A1B524CC500D9FF85 /* Flappy Swift Pig */ = {
			isa = PBXNativeTarget;
			buildConfigurationList = A7F049911B524CC500D9FF85 /* Build configuration list for PBXNativeTarget "Flappy Swift Pig" */;
			buildPhases = (
				A7F049771B524CC500D9FF85 /* Sources */,
				A7F049781B524CC500D9FF85 /* Frameworks */,
				A7F049791B524CC500D9FF85 /* Resources */,
			);
			buildRules = (
			);
			dependencies = (
			);
			name = "Flappy Swift Pig";
			productName = "Flappy Swift Pig";
			productReference = A7F0497B1B524CC500D9FF85 /* Flappy Swift Pig.app */;
			productType = "com.apple.product-type.application";
		};
/* End PBXNativeTarget section */

/* Begin PBXProject section */
		A7F049731B524CC500D9FF85 /* Project object */ = {
			isa = PBXProject;
			attributes = {
				LastUpgradeCheck = 0700;
				ORGANIZATIONNAME = "Konstantin Tchernov";
				TargetAttributes = {
					A7F0497A1B524CC500D9FF85 = {
						CreatedOnToolsVersion = 7.0;
						DevelopmentTeam = UK6W33LUTP;
					};
				};
			};
			buildConfigurationList = A7F049761B524CC500D9FF85 /* Build configuration list for PBXProject "Flappy Swift Pig" */;
			compatibilityVersion = "Xcode 3.2";
			developmentRegion = English;
			hasScannedForEncodings = 0;
			knownRegions = (
				en,
				Base,
			);
			mainGroup = A7F049721B524CC500D9FF85;
			productRefGroup = A7F0497C1B524CC500D9FF85 /* Products */;
			projectDirPath = "";
			projectRoot = "";
			targets = (
				A7F0497A1B524CC500D9FF85 /* Flappy Swift Pig */,
			);
		};
/* End PBXProject section */

/* Begin PBXResourcesBuildPhase section */
		A7F049791B524CC500D9FF85 /* Resources */ = {
			isa = PBXResourcesBuildPhase;
			buildActionMask = 2147483647;
			files = (
				A7F049811B524CC500D9FF85 /* GameScene.sks in Resources */,
				A751CCC51B53C35F0041F907 /* pig.mp3 in Resources */,
				A7F0498A1B524CC500D9FF85 /* Assets.xcassets in Resources */,
				A7F049881B524CC500D9FF85 /* Main.storyboard in Resources */,
			);
			runOnlyForDeploymentPostprocessing = 0;
		};
/* End PBXResourcesBuildPhase section */

/* Begin PBXSourcesBuildPhase section */
		A7F049771B524CC500D9FF85 /* Sources */ = {
			isa = PBXSourcesBuildPhase;
			buildActionMask = 2147483647;
			files = (
				A7F049831B524CC500D9FF85 /* GameScene.swift in Sources */,
				A7F049851B524CC500D9FF85 /* GameViewController.swift in Sources */,
				A7F0497F1B524CC500D9FF85 /* AppDelegate.swift in Sources */,
			);
			runOnlyForDeploymentPostprocessing = 0;
		};
/* End PBXSourcesBuildPhase section */

/* Begin PBXVariantGroup section */
		A7F049861B524CC500D9FF85 /* Main.storyboard */ = {
			isa = PBXVariantGroup;
			children = (
				A7F049871B524CC500D9FF85 /* Base */,
			);
			name = Main.storyboard;
			sourceTree = "<group>";
		};
/* End PBXVariantGroup section */

/* Begin XCBuildConfiguration section */
		A7F0498F1B524CC500D9FF85 /* Debug */ = {
			isa = XCBuildConfiguration;
			buildSettings = {
				ALWAYS_SEARCH_USER_PATHS = NO;
				CLANG_CXX_LANGUAGE_STANDARD = "gnu++0x";
				CLANG_CXX_LIBRARY = "libc++";
				CLANG_ENABLE_MODULES = YES;
				CLANG_ENABLE_OBJC_ARC = YES;
				CLANG_WARN_BOOL_CONVERSION = YES;
				CLANG_WARN_CONSTANT_CONVERSION = YES;
				CLANG_WARN_DIRECT_OBJC_ISA_USAGE = YES_ERROR;
				CLANG_WARN_EMPTY_BODY = YES;
				CLANG_WARN_ENUM_CONVERSION = YES;
				CLANG_WARN_INT_CONVERSION = YES;
				CLANG_WARN_OBJC_ROOT_CLASS = YES_ERROR;
				CLANG_WARN_UNREACHABLE_CODE = YES;
				CLANG_WARN__DUPLICATE_METHOD_MATCH = YES;
				"CODE_SIGN_IDENTITY[sdk=iphoneos*]" = "iPhone Developer";
				COPY_PHASE_STRIP = NO;
				DEBUG_INFORMATION_FORMAT = dwarf;
				ENABLE_STRICT_OBJC_MSGSEND = YES;
				ENABLE_TESTABILITY = YES;
				GCC_C_LANGUAGE_STANDARD = gnu99;
				GCC_DYNAMIC_NO_PIC = NO;
				GCC_NO_COMMON_BLOCKS = YES;
				GCC_OPTIMIZATION_LEVEL = 0;
				GCC_PREPROCESSOR_DEFINITIONS = (
					"DEBUG=1",
					"$(inherited)",
				);
				GCC_WARN_64_TO_32_BIT_CONVERSION = YES;
				GCC_WARN_ABOUT_RETURN_TYPE = YES_ERROR;
				GCC_WARN_UNDECLARED_SELECTOR = YES;
				GCC_WARN_UNINITIALIZED_AUTOS = YES_AGGRESSIVE;
				GCC_WARN_UNUSED_FUNCTION = YES;
				GCC_WARN_UNUSED_VARIABLE = YES;
				IPHONEOS_DEPLOYMENT_TARGET = 9.0;
				MTL_ENABLE_DEBUG_INFO = YES;
				ONLY_ACTIVE_ARCH = YES;
				SDKROOT = iphoneos;
				SWIFT_OPTIMIZATION_LEVEL = "-Onone";
			};
			name = Debug;
		};
		A7F049901B524CC500D9FF85 /* Release */ = {
			isa = XCBuildConfiguration;
			buildSettings = {
				ALWAYS_SEARCH_USER_PATHS = NO;
				CLANG_CXX_LANGUAGE_STANDARD = "gnu++0x";
				CLANG_CXX_LIBRARY = "libc++";
				CLANG_ENABLE_MODULES = YES;
				CLANG_ENABLE_OBJC_ARC = YES;
				CLANG_WARN_BOOL_CONVERSION = YES;
				CLANG_WARN_CONSTANT_CONVERSION = YES;
				CLANG_WARN_DIRECT_OBJC_ISA_USAGE = YES_ERROR;
				CLANG_WARN_EMPTY_BODY = YES;
				CLANG_WARN_ENUM_CONVERSION = YES;
				CLANG_WARN_INT_CONVERSION = YES;
				CLANG_WARN_OBJC_ROOT_CLASS = YES_ERROR;
				CLANG_WARN_UNREACHABLE_CODE = YES;
				CLANG_WARN__DUPLICATE_METHOD_MATCH = YES;
				"CODE_SIGN_IDENTITY[sdk=iphoneos*]" = "iPhone Developer";
				COPY_PHASE_STRIP = NO;
				DEBUG_INFORMATION_FORMAT = "dwarf-with-dsym";
				ENABLE_NS_ASSERTIONS = NO;
				ENABLE_STRICT_OBJC_MSGSEND = YES;
				GCC_C_LANGUAGE_STANDARD = gnu99;
				GCC_NO_COMMON_BLOCKS = YES;
				GCC_WARN_64_TO_32_BIT_CONVERSION = YES;
				GCC_WARN_ABOUT_RETURN_TYPE = YES_ERROR;
				GCC_WARN_UNDECLARED_SELECTOR = YES;
				GCC_WARN_UNINITIALIZED_AUTOS = YES_AGGRESSIVE;
				GCC_WARN_UNUSED_FUNCTION = YES;
				GCC_WARN_UNUSED_VARIABLE = YES;
				IPHONEOS_DEPLOYMENT_TARGET = 9.0;
				MTL_ENABLE_DEBUG_INFO = NO;
				SDKROOT = iphoneos;
				VALIDATE_PRODUCT = YES;
			};
			name = Release;
		};
		A7F049921B524CC500D9FF85 /* Debug */ = {
			isa = XCBuildConfiguration;
			buildSettings = {
				ASSETCATALOG_COMPILER_APPICON_NAME = AppIcon;
				ASSETCATALOG_COMPILER_LAUNCHIMAGE_NAME = LaunchImage;
				CODE_SIGN_IDENTITY = "iPhone Developer";
				"CODE_SIGN_IDENTITY[sdk=iphoneos*]" = "iPhone Developer";
				INFOPLIST_FILE = "Flappy Swift Pig/Info.plist";
				IPHONEOS_DEPLOYMENT_TARGET = 8.4;
				LD_RUNPATH_SEARCH_PATHS = "$(inherited) @executable_path/Frameworks";
				PRODUCT_BUNDLE_IDENTIFIER = "ktchernov.github.Flappy-Swift-Pig";
				PRODUCT_NAME = "$(TARGET_NAME)";
				PROVISIONING_PROFILE = "";
			};
			name = Debug;
		};
		A7F049931B524CC500D9FF85 /* Release */ = {
			isa = XCBuildConfiguration;
			buildSettings = {
				ASSETCATALOG_COMPILER_APPICON_NAME = AppIcon;
				ASSETCATALOG_COMPILER_LAUNCHIMAGE_NAME = LaunchImage;
				CODE_SIGN_IDENTITY = "iPhone Developer";
				"CODE_SIGN_IDENTITY[sdk=iphoneos*]" = "iPhone Developer";
				INFOPLIST_FILE = "Flappy Swift Pig/Info.plist";
				IPHONEOS_DEPLOYMENT_TARGET = 8.4;
				LD_RUNPATH_SEARCH_PATHS = "$(inherited) @executable_path/Frameworks";
				PRODUCT_BUNDLE_IDENTIFIER = "ktchernov.github.Flappy-Swift-Pig";
				PRODUCT_NAME = "$(TARGET_NAME)";
				PROVISIONING_PROFILE = "";
			};
			name = Release;
		};
/* End XCBuildConfiguration section */

/* Begin XCConfigurationList section */
		A7F049761B524CC500D9FF85 /* Build configuration list for PBXProject "Flappy Swift Pig" */ = {
			isa = XCConfigurationList;
			buildConfigurations = (
				A7F0498F1B524CC500D9FF85 /* Debug */,
				A7F049901B524CC500D9FF85 /* Release */,
			);
			defaultConfigurationIsVisible = 0;
			defaultConfigurationName = Release;
		};
		A7F049911B524CC500D9FF85 /* Build configuration list for PBXNativeTarget "Flappy Swift Pig" */ = {
			isa = XCConfigurationList;
			buildConfigurations = (
				A7F049921B524CC500D9FF85 /* Debug */,
				A7F049931B524CC500D9FF85 /* Release */,
			);
			defaultConfigurationIsVisible = 0;
			defaultConfigurationName = Release;
		};
/* End XCConfigurationList section */
	};
	rootObject = A7F049731B524CC500D9FF85 /* Project object */;
}
